// !$*UTF8*$!
{
	archiveVersion = 1;
	classes = {
	};
	objectVersion = 56;
	objects = {

/* Begin PBXBuildFile section */
		7725F34C2AC190B400FCE747 /* AppDelegate.swift in Sources */ = {isa = PBXBuildFile; fileRef = 7725F34B2AC190B400FCE747 /* AppDelegate.swift */; };
		7725F34E2AC190B400FCE747 /* SceneDelegate.swift in Sources */ = {isa = PBXBuildFile; fileRef = 7725F34D2AC190B400FCE747 /* SceneDelegate.swift */; };
		7725F3502AC190B400FCE747 /* ConversationViewController.swift in Sources */ = {isa = PBXBuildFile; fileRef = 7725F34F2AC190B400FCE747 /* ConversationViewController.swift */; };
		7725F3532AC190B400FCE747 /* Main.storyboard in Resources */ = {isa = PBXBuildFile; fileRef = 7725F3512AC190B400FCE747 /* Main.storyboard */; };
		7725F3552AC190B600FCE747 /* Assets.xcassets in Resources */ = {isa = PBXBuildFile; fileRef = 7725F3542AC190B600FCE747 /* Assets.xcassets */; };
		7725F3582AC190B600FCE747 /* LaunchScreen.storyboard in Resources */ = {isa = PBXBuildFile; fileRef = 7725F3562AC190B600FCE747 /* LaunchScreen.storyboard */; };
		7725F3662AC1956500FCE747 /* LoginViewController.swift in Sources */ = {isa = PBXBuildFile; fileRef = 7725F3652AC1956500FCE747 /* LoginViewController.swift */; };
		7725F3682AC1957700FCE747 /* RegistrationViewController.swift in Sources */ = {isa = PBXBuildFile; fileRef = 7725F3672AC1957700FCE747 /* RegistrationViewController.swift */; };
		7725F36A2AC1959300FCE747 /* PhotoViewerViewController.swift in Sources */ = {isa = PBXBuildFile; fileRef = 7725F3692AC1959300FCE747 /* PhotoViewerViewController.swift */; };
		7725F36C2AC195A300FCE747 /* VideoPlayerViewController.swift in Sources */ = {isa = PBXBuildFile; fileRef = 7725F36B2AC195A300FCE747 /* VideoPlayerViewController.swift */; };
		7725F3702AC195CE00FCE747 /* ProfileViewController.swift in Sources */ = {isa = PBXBuildFile; fileRef = 7725F36F2AC195CE00FCE747 /* ProfileViewController.swift */; };
		7725F3722AC1968B00FCE747 /* NewConversationViewController.swift in Sources */ = {isa = PBXBuildFile; fileRef = 7725F3712AC1968B00FCE747 /* NewConversationViewController.swift */; };
		773C68802AC2F66F008615BA /* DatabaseManager.swift in Sources */ = {isa = PBXBuildFile; fileRef = 773C687F2AC2F66F008615BA /* DatabaseManager.swift */; };
		773C68822AC2FDA1008615BA /* Extentions.swift in Sources */ = {isa = PBXBuildFile; fileRef = 773C68812AC2FDA1008615BA /* Extentions.swift */; };
		77CA7A542AC42ED900A4B36C /* GoogleService-Info.plist in Resources */ = {isa = PBXBuildFile; fileRef = 77CA7A532AC42ED900A4B36C /* GoogleService-Info.plist */; };
		77CA7A562AC450C800A4B36C /* TabbarController.swift in Sources */ = {isa = PBXBuildFile; fileRef = 77CA7A552AC450C800A4B36C /* TabbarController.swift */; };
		BFF5FDCBD545BEBF9A0586D2 /* Pods_ChatBox.framework in Frameworks */ = {isa = PBXBuildFile; fileRef = EE3344371BFB97D6AD20BBD5 /* Pods_ChatBox.framework */; };
/* End PBXBuildFile section */

/* Begin PBXFileReference section */
		7725F3482AC190B400FCE747 /* ChatBox.app */ = {isa = PBXFileReference; explicitFileType = wrapper.application; includeInIndex = 0; path = ChatBox.app; sourceTree = BUILT_PRODUCTS_DIR; };
		7725F34B2AC190B400FCE747 /* AppDelegate.swift */ = {isa = PBXFileReference; lastKnownFileType = sourcecode.swift; path = AppDelegate.swift; sourceTree = "<group>"; };
		7725F34D2AC190B400FCE747 /* SceneDelegate.swift */ = {isa = PBXFileReference; lastKnownFileType = sourcecode.swift; path = SceneDelegate.swift; sourceTree = "<group>"; };
		7725F34F2AC190B400FCE747 /* ConversationViewController.swift */ = {isa = PBXFileReference; lastKnownFileType = sourcecode.swift; path = ConversationViewController.swift; sourceTree = "<group>"; };
		7725F3522AC190B400FCE747 /* Base */ = {isa = PBXFileReference; lastKnownFileType = file.storyboard; name = Base; path = Base.lproj/Main.storyboard; sourceTree = "<group>"; };
		7725F3542AC190B600FCE747 /* Assets.xcassets */ = {isa = PBXFileReference; lastKnownFileType = folder.assetcatalog; path = Assets.xcassets; sourceTree = "<group>"; };
		7725F3572AC190B600FCE747 /* Base */ = {isa = PBXFileReference; lastKnownFileType = file.storyboard; name = Base; path = Base.lproj/LaunchScreen.storyboard; sourceTree = "<group>"; };
		7725F3592AC190B600FCE747 /* Info.plist */ = {isa = PBXFileReference; lastKnownFileType = text.plist.xml; path = Info.plist; sourceTree = "<group>"; };
		7725F3652AC1956500FCE747 /* LoginViewController.swift */ = {isa = PBXFileReference; lastKnownFileType = sourcecode.swift; path = LoginViewController.swift; sourceTree = "<group>"; };
		7725F3672AC1957700FCE747 /* RegistrationViewController.swift */ = {isa = PBXFileReference; lastKnownFileType = sourcecode.swift; path = RegistrationViewController.swift; sourceTree = "<group>"; };
		7725F3692AC1959300FCE747 /* PhotoViewerViewController.swift */ = {isa = PBXFileReference; lastKnownFileType = sourcecode.swift; path = PhotoViewerViewController.swift; sourceTree = "<group>"; };
		7725F36B2AC195A300FCE747 /* VideoPlayerViewController.swift */ = {isa = PBXFileReference; lastKnownFileType = sourcecode.swift; path = VideoPlayerViewController.swift; sourceTree = "<group>"; };
		7725F36F2AC195CE00FCE747 /* ProfileViewController.swift */ = {isa = PBXFileReference; lastKnownFileType = sourcecode.swift; path = ProfileViewController.swift; sourceTree = "<group>"; };
		7725F3712AC1968B00FCE747 /* NewConversationViewController.swift */ = {isa = PBXFileReference; lastKnownFileType = sourcecode.swift; path = NewConversationViewController.swift; sourceTree = "<group>"; };
		773C687F2AC2F66F008615BA /* DatabaseManager.swift */ = {isa = PBXFileReference; lastKnownFileType = sourcecode.swift; path = DatabaseManager.swift; sourceTree = "<group>"; };
		773C68812AC2FDA1008615BA /* Extentions.swift */ = {isa = PBXFileReference; lastKnownFileType = sourcecode.swift; path = Extentions.swift; sourceTree = "<group>"; };
		77CA7A522AC3FB8200A4B36C /* ChatBox.entitlements */ = {isa = PBXFileReference; lastKnownFileType = text.plist.entitlements; path = ChatBox.entitlements; sourceTree = "<group>"; };
		77CA7A532AC42ED900A4B36C /* GoogleService-Info.plist */ = {isa = PBXFileReference; fileEncoding = 4; lastKnownFileType = text.plist.xml; path = "GoogleService-Info.plist"; sourceTree = "<group>"; };
		77CA7A552AC450C800A4B36C /* TabbarController.swift */ = {isa = PBXFileReference; lastKnownFileType = sourcecode.swift; path = TabbarController.swift; sourceTree = "<group>"; };
		CE2D41866F2B330D5B9382A9 /* Pods-ChatBox.release.xcconfig */ = {isa = PBXFileReference; includeInIndex = 1; lastKnownFileType = text.xcconfig; name = "Pods-ChatBox.release.xcconfig"; path = "Target Support Files/Pods-ChatBox/Pods-ChatBox.release.xcconfig"; sourceTree = "<group>"; };
		E80FF6BD705F952CE8A149B3 /* Pods-ChatBox.debug.xcconfig */ = {isa = PBXFileReference; includeInIndex = 1; lastKnownFileType = text.xcconfig; name = "Pods-ChatBox.debug.xcconfig"; path = "Target Support Files/Pods-ChatBox/Pods-ChatBox.debug.xcconfig"; sourceTree = "<group>"; };
		EE3344371BFB97D6AD20BBD5 /* Pods_ChatBox.framework */ = {isa = PBXFileReference; explicitFileType = wrapper.framework; includeInIndex = 0; path = Pods_ChatBox.framework; sourceTree = BUILT_PRODUCTS_DIR; };
/* End PBXFileReference section */

/* Begin PBXFrameworksBuildPhase section */
		7725F3452AC190B400FCE747 /* Frameworks */ = {
			isa = PBXFrameworksBuildPhase;
			buildActionMask = 2147483647;
			files = (
				BFF5FDCBD545BEBF9A0586D2 /* Pods_ChatBox.framework in Frameworks */,
			);
			runOnlyForDeploymentPostprocessing = 0;
		};
/* End PBXFrameworksBuildPhase section */

/* Begin PBXGroup section */
		6A153D8DDB48BF4EB1E5F4F6 /* Pods */ = {
			isa = PBXGroup;
			children = (
				E80FF6BD705F952CE8A149B3 /* Pods-ChatBox.debug.xcconfig */,
				CE2D41866F2B330D5B9382A9 /* Pods-ChatBox.release.xcconfig */,
			);
			path = Pods;
			sourceTree = "<group>";
		};
		7725F33F2AC190B400FCE747 = {
			isa = PBXGroup;
			children = (
				7725F34A2AC190B400FCE747 /* ChatBox */,
				7725F3492AC190B400FCE747 /* Products */,
				6A153D8DDB48BF4EB1E5F4F6 /* Pods */,
				EB86904571A14B893E931DF7 /* Frameworks */,
			);
			sourceTree = "<group>";
		};
		7725F3492AC190B400FCE747 /* Products */ = {
			isa = PBXGroup;
			children = (
				7725F3482AC190B400FCE747 /* ChatBox.app */,
			);
			name = Products;
			sourceTree = "<group>";
		};
		7725F34A2AC190B400FCE747 /* ChatBox */ = {
			isa = PBXGroup;
			children = (
				77CA7A532AC42ED900A4B36C /* GoogleService-Info.plist */,
				77CA7A522AC3FB8200A4B36C /* ChatBox.entitlements */,
				7725F3632AC1927800FCE747 /* Resources */,
				7725F3622AC1926F00FCE747 /* View model */,
				7725F3612AC1925000FCE747 /* Model */,
				7725F3602AC1924200FCE747 /* View */,
				7725F35F2AC1923400FCE747 /* Controllers */,
				7725F3592AC190B600FCE747 /* Info.plist */,
			);
			path = ChatBox;
			sourceTree = "<group>";
		};
		7725F35F2AC1923400FCE747 /* Controllers */ = {
			isa = PBXGroup;
			children = (
				7725F34F2AC190B400FCE747 /* ConversationViewController.swift */,
				7725F3732AC19CFD00FCE747 /* Login Rigistration */,
				7725F3692AC1959300FCE747 /* PhotoViewerViewController.swift */,
				7725F36B2AC195A300FCE747 /* VideoPlayerViewController.swift */,
				7725F36F2AC195CE00FCE747 /* ProfileViewController.swift */,
				7725F3712AC1968B00FCE747 /* NewConversationViewController.swift */,
				77CA7A552AC450C800A4B36C /* TabbarController.swift */,
			);
			path = Controllers;
			sourceTree = "<group>";
		};
		7725F3602AC1924200FCE747 /* View */ = {
			isa = PBXGroup;
			children = (
				7725F3642AC192A800FCE747 /* Story board */,
				7725F3542AC190B600FCE747 /* Assets.xcassets */,
			);
			path = View;
			sourceTree = "<group>";
		};
		7725F3612AC1925000FCE747 /* Model */ = {
			isa = PBXGroup;
			children = (
			);
			path = Model;
			sourceTree = "<group>";
		};
		7725F3622AC1926F00FCE747 /* View model */ = {
			isa = PBXGroup;
			children = (
			);
			path = "View model";
			sourceTree = "<group>";
		};
		7725F3632AC1927800FCE747 /* Resources */ = {
			isa = PBXGroup;
			children = (
				7725F34B2AC190B400FCE747 /* AppDelegate.swift */,
				7725F34D2AC190B400FCE747 /* SceneDelegate.swift */,
				773C687F2AC2F66F008615BA /* DatabaseManager.swift */,
				773C68812AC2FDA1008615BA /* Extentions.swift */,
			);
			path = Resources;
			sourceTree = "<group>";
		};
		7725F3642AC192A800FCE747 /* Story board */ = {
			isa = PBXGroup;
			children = (
				7725F3512AC190B400FCE747 /* Main.storyboard */,
				7725F3562AC190B600FCE747 /* LaunchScreen.storyboard */,
			);
			path = "Story board";
			sourceTree = "<group>";
		};
		7725F3732AC19CFD00FCE747 /* Login Rigistration */ = {
			isa = PBXGroup;
			children = (
				7725F3652AC1956500FCE747 /* LoginViewController.swift */,
				7725F3672AC1957700FCE747 /* RegistrationViewController.swift */,
			);
			path = "Login Rigistration";
			sourceTree = "<group>";
		};
		EB86904571A14B893E931DF7 /* Frameworks */ = {
			isa = PBXGroup;
			children = (
				EE3344371BFB97D6AD20BBD5 /* Pods_ChatBox.framework */,
			);
			name = Frameworks;
			sourceTree = "<group>";
		};
/* End PBXGroup section */

/* Begin PBXNativeTarget section */
		7725F3472AC190B400FCE747 /* ChatBox */ = {
			isa = PBXNativeTarget;
			buildConfigurationList = 7725F35C2AC190B600FCE747 /* Build configuration list for PBXNativeTarget "ChatBox" */;
			buildPhases = (
				0A766B2A2276B040470CA92F /* [CP] Check Pods Manifest.lock */,
				7725F3442AC190B400FCE747 /* Sources */,
				7725F3452AC190B400FCE747 /* Frameworks */,
				7725F3462AC190B400FCE747 /* Resources */,
				5995D4F60DE0CE9D004C9988 /* [CP] Embed Pods Frameworks */,
			);
			buildRules = (
			);
			dependencies = (
			);
			name = ChatBox;
			productName = ChatBox;
			productReference = 7725F3482AC190B400FCE747 /* ChatBox.app */;
			productType = "com.apple.product-type.application";
		};
/* End PBXNativeTarget section */

/* Begin PBXProject section */
		7725F3402AC190B400FCE747 /* Project object */ = {
			isa = PBXProject;
			attributes = {
				BuildIndependentTargetsInParallel = 1;
				LastSwiftUpdateCheck = 1420;
				LastUpgradeCheck = 1420;
				TargetAttributes = {
					7725F3472AC190B400FCE747 = {
						CreatedOnToolsVersion = 14.2;
					};
				};
			};
			buildConfigurationList = 7725F3432AC190B400FCE747 /* Build configuration list for PBXProject "ChatBox" */;
			compatibilityVersion = "Xcode 14.0";
			developmentRegion = en;
			hasScannedForEncodings = 0;
			knownRegions = (
				en,
				Base,
			);
			mainGroup = 7725F33F2AC190B400FCE747;
			productRefGroup = 7725F3492AC190B400FCE747 /* Products */;
			projectDirPath = "";
			projectRoot = "";
			targets = (
				7725F3472AC190B400FCE747 /* ChatBox */,
			);
		};
/* End PBXProject section */

/* Begin PBXResourcesBuildPhase section */
		7725F3462AC190B400FCE747 /* Resources */ = {
			isa = PBXResourcesBuildPhase;
			buildActionMask = 2147483647;
			files = (
				7725F3582AC190B600FCE747 /* LaunchScreen.storyboard in Resources */,
				77CA7A542AC42ED900A4B36C /* GoogleService-Info.plist in Resources */,
				7725F3552AC190B600FCE747 /* Assets.xcassets in Resources */,
				7725F3532AC190B400FCE747 /* Main.storyboard in Resources */,
			);
			runOnlyForDeploymentPostprocessing = 0;
		};
/* End PBXResourcesBuildPhase section */

/* Begin PBXShellScriptBuildPhase section */
		0A766B2A2276B040470CA92F /* [CP] Check Pods Manifest.lock */ = {
			isa = PBXShellScriptBuildPhase;
			buildActionMask = 2147483647;
			files = (
			);
			inputFileListPaths = (
			);
			inputPaths = (
				"${PODS_PODFILE_DIR_PATH}/Podfile.lock",
				"${PODS_ROOT}/Manifest.lock",
			);
			name = "[CP] Check Pods Manifest.lock";
			outputFileListPaths = (
			);
			outputPaths = (
				"$(DERIVED_FILE_DIR)/Pods-ChatBox-checkManifestLockResult.txt",
			);
			runOnlyForDeploymentPostprocessing = 0;
			shellPath = /bin/sh;
			shellScript = "diff \"${PODS_PODFILE_DIR_PATH}/Podfile.lock\" \"${PODS_ROOT}/Manifest.lock\" > /dev/null\nif [ $? != 0 ] ; then\n    # print error to STDERR\n    echo \"error: The sandbox is not in sync with the Podfile.lock. Run 'pod install' or update your CocoaPods installation.\" >&2\n    exit 1\nfi\n# This output is used by Xcode 'outputs' to avoid re-running this script phase.\necho \"SUCCESS\" > \"${SCRIPT_OUTPUT_FILE_0}\"\n";
			showEnvVarsInLog = 0;
		};
		5995D4F60DE0CE9D004C9988 /* [CP] Embed Pods Frameworks */ = {
			isa = PBXShellScriptBuildPhase;
			buildActionMask = 2147483647;
			files = (
			);
			inputFileListPaths = (
				"${PODS_ROOT}/Target Support Files/Pods-ChatBox/Pods-ChatBox-frameworks-${CONFIGURATION}-input-files.xcfilelist",
			);
			name = "[CP] Embed Pods Frameworks";
			outputFileListPaths = (
				"${PODS_ROOT}/Target Support Files/Pods-ChatBox/Pods-ChatBox-frameworks-${CONFIGURATION}-output-files.xcfilelist",
			);
			runOnlyForDeploymentPostprocessing = 0;
			shellPath = /bin/sh;
			shellScript = "\"${PODS_ROOT}/Target Support Files/Pods-ChatBox/Pods-ChatBox-frameworks.sh\"\n";
			showEnvVarsInLog = 0;
		};
/* End PBXShellScriptBuildPhase section */

/* Begin PBXSourcesBuildPhase section */
		7725F3442AC190B400FCE747 /* Sources */ = {
			isa = PBXSourcesBuildPhase;
			buildActionMask = 2147483647;
			files = (
				7725F3662AC1956500FCE747 /* LoginViewController.swift in Sources */,
				77CA7A562AC450C800A4B36C /* TabbarController.swift in Sources */,
				7725F3502AC190B400FCE747 /* ConversationViewController.swift in Sources */,
				773C68802AC2F66F008615BA /* DatabaseManager.swift in Sources */,
				773C68822AC2FDA1008615BA /* Extentions.swift in Sources */,
				7725F34C2AC190B400FCE747 /* AppDelegate.swift in Sources */,
				7725F36C2AC195A300FCE747 /* VideoPlayerViewController.swift in Sources */,
				7725F34E2AC190B400FCE747 /* SceneDelegate.swift in Sources */,
				7725F3702AC195CE00FCE747 /* ProfileViewController.swift in Sources */,
				7725F3722AC1968B00FCE747 /* NewConversationViewController.swift in Sources */,
				7725F3682AC1957700FCE747 /* RegistrationViewController.swift in Sources */,
				7725F36A2AC1959300FCE747 /* PhotoViewerViewController.swift in Sources */,
			);
			runOnlyForDeploymentPostprocessing = 0;
		};
/* End PBXSourcesBuildPhase section */

/* Begin PBXVariantGroup section */
		7725F3512AC190B400FCE747 /* Main.storyboard */ = {
			isa = PBXVariantGroup;
			children = (
				7725F3522AC190B400FCE747 /* Base */,
			);
			name = Main.storyboard;
			sourceTree = "<group>";
		};
		7725F3562AC190B600FCE747 /* LaunchScreen.storyboard */ = {
			isa = PBXVariantGroup;
			children = (
				7725F3572AC190B600FCE747 /* Base */,
			);
			name = LaunchScreen.storyboard;
			sourceTree = "<group>";
		};
/* End PBXVariantGroup section */

/* Begin XCBuildConfiguration section */
		7725F35A2AC190B600FCE747 /* Debug */ = {
			isa = XCBuildConfiguration;
			buildSettings = {
				ALWAYS_SEARCH_USER_PATHS = NO;
				CLANG_ANALYZER_NONNULL = YES;
				CLANG_ANALYZER_NUMBER_OBJECT_CONVERSION = YES_AGGRESSIVE;
				CLANG_CXX_LANGUAGE_STANDARD = "gnu++20";
				CLANG_ENABLE_MODULES = YES;
				CLANG_ENABLE_OBJC_ARC = YES;
				CLANG_ENABLE_OBJC_WEAK = YES;
				CLANG_WARN_BLOCK_CAPTURE_AUTORELEASING = YES;
				CLANG_WARN_BOOL_CONVERSION = YES;
				CLANG_WARN_COMMA = YES;
				CLANG_WARN_CONSTANT_CONVERSION = YES;
				CLANG_WARN_DEPRECATED_OBJC_IMPLEMENTATIONS = YES;
				CLANG_WARN_DIRECT_OBJC_ISA_USAGE = YES_ERROR;
				CLANG_WARN_DOCUMENTATION_COMMENTS = YES;
				CLANG_WARN_EMPTY_BODY = YES;
				CLANG_WARN_ENUM_CONVERSION = YES;
				CLANG_WARN_INFINITE_RECURSION = YES;
				CLANG_WARN_INT_CONVERSION = YES;
				CLANG_WARN_NON_LITERAL_NULL_CONVERSION = YES;
				CLANG_WARN_OBJC_IMPLICIT_RETAIN_SELF = YES;
				CLANG_WARN_OBJC_LITERAL_CONVERSION = YES;
				CLANG_WARN_OBJC_ROOT_CLASS = YES_ERROR;
				CLANG_WARN_QUOTED_INCLUDE_IN_FRAMEWORK_HEADER = YES;
				CLANG_WARN_RANGE_LOOP_ANALYSIS = YES;
				CLANG_WARN_STRICT_PROTOTYPES = YES;
				CLANG_WARN_SUSPICIOUS_MOVE = YES;
				CLANG_WARN_UNGUARDED_AVAILABILITY = YES_AGGRESSIVE;
				CLANG_WARN_UNREACHABLE_CODE = YES;
				CLANG_WARN__DUPLICATE_METHOD_MATCH = YES;
				COPY_PHASE_STRIP = NO;
				DEBUG_INFORMATION_FORMAT = dwarf;
				ENABLE_STRICT_OBJC_MSGSEND = YES;
				ENABLE_TESTABILITY = YES;
				GCC_C_LANGUAGE_STANDARD = gnu11;
				GCC_DYNAMIC_NO_PIC = NO;
				GCC_NO_COMMON_BLOCKS = YES;
				GCC_OPTIMIZATION_LEVEL = 0;
				GCC_PREPROCESSOR_DEFINITIONS = (
					"DEBUG=1",
					"$(inherited)",
				);
				GCC_WARN_64_TO_32_BIT_CONVERSION = YES;
				GCC_WARN_ABOUT_RETURN_TYPE = YES_ERROR;
				GCC_WARN_UNDECLARED_SELECTOR = YES;
				GCC_WARN_UNINITIALIZED_AUTOS = YES_AGGRESSIVE;
				GCC_WARN_UNUSED_FUNCTION = YES;
				GCC_WARN_UNUSED_VARIABLE = YES;
				IPHONEOS_DEPLOYMENT_TARGET = 16.2;
				MTL_ENABLE_DEBUG_INFO = INCLUDE_SOURCE;
				MTL_FAST_MATH = YES;
				ONLY_ACTIVE_ARCH = YES;
				SDKROOT = iphoneos;
				SWIFT_ACTIVE_COMPILATION_CONDITIONS = DEBUG;
				SWIFT_OPTIMIZATION_LEVEL = "-Onone";
			};
			name = Debug;
		};
		7725F35B2AC190B600FCE747 /* Release */ = {
			isa = XCBuildConfiguration;
			buildSettings = {
				ALWAYS_SEARCH_USER_PATHS = NO;
				CLANG_ANALYZER_NONNULL = YES;
				CLANG_ANALYZER_NUMBER_OBJECT_CONVERSION = YES_AGGRESSIVE;
				CLANG_CXX_LANGUAGE_STANDARD = "gnu++20";
				CLANG_ENABLE_MODULES = YES;
				CLANG_ENABLE_OBJC_ARC = YES;
				CLANG_ENABLE_OBJC_WEAK = YES;
				CLANG_WARN_BLOCK_CAPTURE_AUTORELEASING = YES;
				CLANG_WARN_BOOL_CONVERSION = YES;
				CLANG_WARN_COMMA = YES;
				CLANG_WARN_CONSTANT_CONVERSION = YES;
				CLANG_WARN_DEPRECATED_OBJC_IMPLEMENTATIONS = YES;
				CLANG_WARN_DIRECT_OBJC_ISA_USAGE = YES_ERROR;
				CLANG_WARN_DOCUMENTATION_COMMENTS = YES;
				CLANG_WARN_EMPTY_BODY = YES;
				CLANG_WARN_ENUM_CONVERSION = YES;
				CLANG_WARN_INFINITE_RECURSION = YES;
				CLANG_WARN_INT_CONVERSION = YES;
				CLANG_WARN_NON_LITERAL_NULL_CONVERSION = YES;
				CLANG_WARN_OBJC_IMPLICIT_RETAIN_SELF = YES;
				CLANG_WARN_OBJC_LITERAL_CONVERSION = YES;
				CLANG_WARN_OBJC_ROOT_CLASS = YES_ERROR;
				CLANG_WARN_QUOTED_INCLUDE_IN_FRAMEWORK_HEADER = YES;
				CLANG_WARN_RANGE_LOOP_ANALYSIS = YES;
				CLANG_WARN_STRICT_PROTOTYPES = YES;
				CLANG_WARN_SUSPICIOUS_MOVE = YES;
				CLANG_WARN_UNGUARDED_AVAILABILITY = YES_AGGRESSIVE;
				CLANG_WARN_UNREACHABLE_CODE = YES;
				CLANG_WARN__DUPLICATE_METHOD_MATCH = YES;
				COPY_PHASE_STRIP = NO;
				DEBUG_INFORMATION_FORMAT = "dwarf-with-dsym";
				ENABLE_NS_ASSERTIONS = NO;
				ENABLE_STRICT_OBJC_MSGSEND = YES;
				GCC_C_LANGUAGE_STANDARD = gnu11;
				GCC_NO_COMMON_BLOCKS = YES;
				GCC_WARN_64_TO_32_BIT_CONVERSION = YES;
				GCC_WARN_ABOUT_RETURN_TYPE = YES_ERROR;
				GCC_WARN_UNDECLARED_SELECTOR = YES;
				GCC_WARN_UNINITIALIZED_AUTOS = YES_AGGRESSIVE;
				GCC_WARN_UNUSED_FUNCTION = YES;
				GCC_WARN_UNUSED_VARIABLE = YES;
				IPHONEOS_DEPLOYMENT_TARGET = 16.2;
				MTL_ENABLE_DEBUG_INFO = NO;
				MTL_FAST_MATH = YES;
				SDKROOT = iphoneos;
				SWIFT_COMPILATION_MODE = wholemodule;
				SWIFT_OPTIMIZATION_LEVEL = "-O";
				VALIDATE_PRODUCT = YES;
			};
			name = Release;
		};
		7725F35D2AC190B600FCE747 /* Debug */ = {
			isa = XCBuildConfiguration;
			baseConfigurationReference = E80FF6BD705F952CE8A149B3 /* Pods-ChatBox.debug.xcconfig */;
			buildSettings = {
				ASSETCATALOG_COMPILER_APPICON_NAME = AppIcon;
				ASSETCATALOG_COMPILER_GLOBAL_ACCENT_COLOR_NAME = AccentColor;
				CODE_SIGN_ENTITLEMENTS = ChatBox/ChatBox.entitlements;
				CODE_SIGN_STYLE = Automatic;
				CURRENT_PROJECT_VERSION = 1;
				GENERATE_INFOPLIST_FILE = YES;
				INFOPLIST_FILE = ChatBox/Info.plist;
				INFOPLIST_KEY_NSCameraUsageDescription = "Please allow access to take picture for profile.";
				INFOPLIST_KEY_NSPhotoLibraryUsageDescription = "Please allow access to select picture for profile.";
				INFOPLIST_KEY_UIApplicationSupportsIndirectInputEvents = YES;
				INFOPLIST_KEY_UILaunchStoryboardName = LaunchScreen;
				INFOPLIST_KEY_UIMainStoryboardFile = Main;
				INFOPLIST_KEY_UISupportedInterfaceOrientations = UIInterfaceOrientationPortrait;
				INFOPLIST_KEY_UISupportedInterfaceOrientations_iPad = "UIInterfaceOrientationPortrait UIInterfaceOrientationPortraitUpsideDown";
				LD_RUNPATH_SEARCH_PATHS = (
					"$(inherited)",
					"@executable_path/Frameworks",
				);
				MARKETING_VERSION = 1.0;
				PRODUCT_BUNDLE_IDENTIFIER = mundaragi.ChatBox;
				PRODUCT_NAME = "$(TARGET_NAME)";
				SWIFT_EMIT_LOC_STRINGS = YES;
				SWIFT_VERSION = 5.0;
				TARGETED_DEVICE_FAMILY = "1,2";
			};
			name = Debug;
		};
		7725F35E2AC190B600FCE747 /* Release */ = {
			isa = XCBuildConfiguration;
			baseConfigurationReference = CE2D41866F2B330D5B9382A9 /* Pods-ChatBox.release.xcconfig */;
			buildSettings = {
				ASSETCATALOG_COMPILER_APPICON_NAME = AppIcon;
				ASSETCATALOG_COMPILER_GLOBAL_ACCENT_COLOR_NAME = AccentColor;
				CODE_SIGN_ENTITLEMENTS = ChatBox/ChatBox.entitlements;
				CODE_SIGN_STYLE = Automatic;
				CURRENT_PROJECT_VERSION = 1;
				GENERATE_INFOPLIST_FILE = YES;
				INFOPLIST_FILE = ChatBox/Info.plist;
				INFOPLIST_KEY_NSCameraUsageDescription = "Please allow access to take picture for profile.";
				INFOPLIST_KEY_NSPhotoLibraryUsageDescription = "Please allow access to select picture for profile.";
				INFOPLIST_KEY_UIApplicationSupportsIndirectInputEvents = YES;
				INFOPLIST_KEY_UILaunchStoryboardName = LaunchScreen;
				INFOPLIST_KEY_UIMainStoryboardFile = Main;
				INFOPLIST_KEY_UISupportedInterfaceOrientations = UIInterfaceOrientationPortrait;
				INFOPLIST_KEY_UISupportedInterfaceOrientations_iPad = "UIInterfaceOrientationPortrait UIInterfaceOrientationPortraitUpsideDown";
				LD_RUNPATH_SEARCH_PATHS = (
					"$(inherited)",
					"@executable_path/Frameworks",
				);
				MARKETING_VERSION = 1.0;
				PRODUCT_BUNDLE_IDENTIFIER = mundaragi.ChatBox;
				PRODUCT_NAME = "$(TARGET_NAME)";
				SWIFT_EMIT_LOC_STRINGS = YES;
				SWIFT_VERSION = 5.0;
				TARGETED_DEVICE_FAMILY = "1,2";
			};
			name = Release;
		};
/* End XCBuildConfiguration section */

/* Begin XCConfigurationList section */
		7725F3432AC190B400FCE747 /* Build configuration list for PBXProject "ChatBox" */ = {
			isa = XCConfigurationList;
			buildConfigurations = (
				7725F35A2AC190B600FCE747 /* Debug */,
				7725F35B2AC190B600FCE747 /* Release */,
			);
			defaultConfigurationIsVisible = 0;
			defaultConfigurationName = Release;
		};
		7725F35C2AC190B600FCE747 /* Build configuration list for PBXNativeTarget "ChatBox" */ = {
			isa = XCConfigurationList;
			buildConfigurations = (
				7725F35D2AC190B600FCE747 /* Debug */,
				7725F35E2AC190B600FCE747 /* Release */,
			);
			defaultConfigurationIsVisible = 0;
			defaultConfigurationName = Release;
		};
/* End XCConfigurationList section */
	};
	rootObject = 7725F3402AC190B400FCE747 /* Project object */;
}
